
Microsoft Visual Studio Solution File, Format Version 12.00
# Visual Studio Version 17
VisualStudioVersion = 17.7.34024.191
MinimumVisualStudioVersion = 10.0.40219.1
Project("{9A19103F-16F7-4668-BE54-9A1E7A4F7556}") = "MessengerScreenshare", "MessengerScreenshare.csproj", "{571A6DC6-F84F-49A6-9933-15F794F8AF73}"
EndProject
Global
	GlobalSection(SolutionConfigurationPlatforms) = preSolution
		Debug|Any CPU = Debug|Any CPU
		Release|Any CPU = Release|Any CPU
	EndGlobalSection
	GlobalSection(ProjectConfigurationPlatforms) = postSolution
		{571A6DC6-F84F-49A6-9933-15F794F8AF73}.Debug|Any CPU.ActiveCfg = Debug|Any CPU
		{571A6DC6-F84F-49A6-9933-15F794F8AF73}.Debug|Any CPU.Build.0 = Debug|Any CPU
		{571A6DC6-F84F-49A6-9933-15F794F8AF73}.Release|Any CPU.ActiveCfg = Release|Any CPU
		{571A6DC6-F84F-49A6-9933-15F794F8AF73}.Release|Any CPU.Build.0 = Release|Any CPU
	EndGlobalSection
	GlobalSection(SolutionProperties) = preSolution
		HideSolutionNode = FALSE
	EndGlobalSection
	GlobalSection(ExtensibilityGlobals) = postSolution
		SolutionGuid = {C1114DB9-6D67-4310-B401-6C8978622777}
	EndGlobalSection
EndGlobal
