
Microsoft Visual Studio Solution File, Format Version 12.00
# Visual Studio Version 17
VisualStudioVersion = 17.7.34031.279
MinimumVisualStudioVersion = 10.0.40219.1
Project("{9A19103F-16F7-4668-BE54-9A1E7A4F7556}") = "MessengerApp", "MessengerApp\MessengerApp.csproj", "{189273C8-C33F-4BEB-BDDD-4A2A549E47FB}"
EndProject
Project("{9A19103F-16F7-4668-BE54-9A1E7A4F7556}") = "MessengerDashboard", "MessengerDashboard\MessengerDashboard.csproj", "{D40F517D-6C46-4776-B47B-9194A02A2265}"
EndProject
Project("{9A19103F-16F7-4668-BE54-9A1E7A4F7556}") = "MessengerContent", "MessengerContent\MessengerContent.csproj", "{EC56B51D-0F2E-4A44-B0AF-348266FDD733}"
EndProject
Global
	GlobalSection(SolutionConfigurationPlatforms) = preSolution
		Debug|Any CPU = Debug|Any CPU
		Release|Any CPU = Release|Any CPU
	EndGlobalSection
	GlobalSection(ProjectConfigurationPlatforms) = postSolution
		{189273C8-C33F-4BEB-BDDD-4A2A549E47FB}.Debug|Any CPU.ActiveCfg = Debug|Any CPU
		{189273C8-C33F-4BEB-BDDD-4A2A549E47FB}.Debug|Any CPU.Build.0 = Debug|Any CPU
		{189273C8-C33F-4BEB-BDDD-4A2A549E47FB}.Release|Any CPU.ActiveCfg = Release|Any CPU
		{189273C8-C33F-4BEB-BDDD-4A2A549E47FB}.Release|Any CPU.Build.0 = Release|Any CPU
		{D40F517D-6C46-4776-B47B-9194A02A2265}.Debug|Any CPU.ActiveCfg = Debug|Any CPU
		{D40F517D-6C46-4776-B47B-9194A02A2265}.Debug|Any CPU.Build.0 = Debug|Any CPU
		{D40F517D-6C46-4776-B47B-9194A02A2265}.Release|Any CPU.ActiveCfg = Release|Any CPU
		{D40F517D-6C46-4776-B47B-9194A02A2265}.Release|Any CPU.Build.0 = Release|Any CPU
		{EC56B51D-0F2E-4A44-B0AF-348266FDD733}.Debug|Any CPU.ActiveCfg = Debug|Any CPU
		{EC56B51D-0F2E-4A44-B0AF-348266FDD733}.Debug|Any CPU.Build.0 = Debug|Any CPU
		{EC56B51D-0F2E-4A44-B0AF-348266FDD733}.Release|Any CPU.ActiveCfg = Release|Any CPU
		{EC56B51D-0F2E-4A44-B0AF-348266FDD733}.Release|Any CPU.Build.0 = Release|Any CPU
	EndGlobalSection
	GlobalSection(SolutionProperties) = preSolution
		HideSolutionNode = FALSE
	EndGlobalSection
	GlobalSection(ExtensibilityGlobals) = postSolution
		SolutionGuid = {A999CAE7-D726-4364-9C6E-79482D6264D1}
	EndGlobalSection
EndGlobal
